
Microsoft Visual Studio Solution File, Format Version 12.00
# Visual Studio 15
VisualStudioVersion = 15.0.26124.0
MinimumVisualStudioVersion = 15.0.26124.0
Project("{FAE04EC0-301F-11D3-BF4B-00C04F79EFBC}") = "QarnotCLI", "QarnotCLI\QarnotCLI.csproj", "{FB4BEAF3-CBF1-477A-BE4D-D2CB34628788}"
EndProject
Project("{FAE04EC0-301F-11D3-BF4B-00C04F79EFBC}") = "QarnotCLI.Test", "QarnotCLI.Test\QarnotCLI.Test.csproj", "{5FA1E27D-49DE-4628-97EB-5A33CFC1B794}"
EndProject
Project("{2150E333-8FDC-42A3-9474-1A3956D46DE8}") = "QarnotCLI_Doc", "QarnotCLI_Doc", "{229F6E41-AE0A-46A1-9D81-99BD530D78C1}"
EndProject
Project("{FAE04EC0-301F-11D3-BF4B-00C04F79EFBC}") = "CreateDoc", "QarnotCLI_Doc\CreateDoc\CreateDoc.csproj", "{8CB00478-7B31-4825-8737-357644DFECEA}"
EndProject
Global
	GlobalSection(SolutionConfigurationPlatforms) = preSolution
		Debug|Any CPU = Debug|Any CPU
		Debug|x64 = Debug|x64
		Debug|x86 = Debug|x86
		Release|Any CPU = Release|Any CPU
		Release|x64 = Release|x64
		Release|x86 = Release|x86
	EndGlobalSection
	GlobalSection(SolutionProperties) = preSolution
		HideSolutionNode = FALSE
	EndGlobalSection
	GlobalSection(ProjectConfigurationPlatforms) = postSolution
		{FB4BEAF3-CBF1-477A-BE4D-D2CB34628788}.Debug|Any CPU.ActiveCfg = Debug|Any CPU
		{FB4BEAF3-CBF1-477A-BE4D-D2CB34628788}.Debug|Any CPU.Build.0 = Debug|Any CPU
		{FB4BEAF3-CBF1-477A-BE4D-D2CB34628788}.Debug|x64.ActiveCfg = Debug|Any CPU
		{FB4BEAF3-CBF1-477A-BE4D-D2CB34628788}.Debug|x64.Build.0 = Debug|Any CPU
		{FB4BEAF3-CBF1-477A-BE4D-D2CB34628788}.Debug|x86.ActiveCfg = Debug|Any CPU
		{FB4BEAF3-CBF1-477A-BE4D-D2CB34628788}.Debug|x86.Build.0 = Debug|Any CPU
		{FB4BEAF3-CBF1-477A-BE4D-D2CB34628788}.Release|Any CPU.ActiveCfg = Release|Any CPU
		{FB4BEAF3-CBF1-477A-BE4D-D2CB34628788}.Release|Any CPU.Build.0 = Release|Any CPU
		{FB4BEAF3-CBF1-477A-BE4D-D2CB34628788}.Release|x64.ActiveCfg = Release|Any CPU
		{FB4BEAF3-CBF1-477A-BE4D-D2CB34628788}.Release|x64.Build.0 = Release|Any CPU
		{FB4BEAF3-CBF1-477A-BE4D-D2CB34628788}.Release|x86.ActiveCfg = Release|Any CPU
		{FB4BEAF3-CBF1-477A-BE4D-D2CB34628788}.Release|x86.Build.0 = Release|Any CPU
		{5FA1E27D-49DE-4628-97EB-5A33CFC1B794}.Debug|Any CPU.ActiveCfg = Debug|Any CPU
		{5FA1E27D-49DE-4628-97EB-5A33CFC1B794}.Debug|Any CPU.Build.0 = Debug|Any CPU
		{5FA1E27D-49DE-4628-97EB-5A33CFC1B794}.Debug|x64.ActiveCfg = Debug|Any CPU
		{5FA1E27D-49DE-4628-97EB-5A33CFC1B794}.Debug|x64.Build.0 = Debug|Any CPU
		{5FA1E27D-49DE-4628-97EB-5A33CFC1B794}.Debug|x86.ActiveCfg = Debug|Any CPU
		{5FA1E27D-49DE-4628-97EB-5A33CFC1B794}.Debug|x86.Build.0 = Debug|Any CPU
		{5FA1E27D-49DE-4628-97EB-5A33CFC1B794}.Release|Any CPU.ActiveCfg = Release|Any CPU
		{5FA1E27D-49DE-4628-97EB-5A33CFC1B794}.Release|Any CPU.Build.0 = Release|Any CPU
		{5FA1E27D-49DE-4628-97EB-5A33CFC1B794}.Release|x64.ActiveCfg = Release|Any CPU
		{5FA1E27D-49DE-4628-97EB-5A33CFC1B794}.Release|x64.Build.0 = Release|Any CPU
		{5FA1E27D-49DE-4628-97EB-5A33CFC1B794}.Release|x86.ActiveCfg = Release|Any CPU
		{5FA1E27D-49DE-4628-97EB-5A33CFC1B794}.Release|x86.Build.0 = Release|Any CPU
		{8CB00478-7B31-4825-8737-357644DFECEA}.Debug|Any CPU.ActiveCfg = Debug|Any CPU
		{8CB00478-7B31-4825-8737-357644DFECEA}.Debug|Any CPU.Build.0 = Debug|Any CPU
		{8CB00478-7B31-4825-8737-357644DFECEA}.Debug|x64.ActiveCfg = Debug|Any CPU
		{8CB00478-7B31-4825-8737-357644DFECEA}.Debug|x64.Build.0 = Debug|Any CPU
		{8CB00478-7B31-4825-8737-357644DFECEA}.Debug|x86.ActiveCfg = Debug|Any CPU
		{8CB00478-7B31-4825-8737-357644DFECEA}.Debug|x86.Build.0 = Debug|Any CPU
		{8CB00478-7B31-4825-8737-357644DFECEA}.Release|Any CPU.ActiveCfg = Release|Any CPU
		{8CB00478-7B31-4825-8737-357644DFECEA}.Release|Any CPU.Build.0 = Release|Any CPU
		{8CB00478-7B31-4825-8737-357644DFECEA}.Release|x64.ActiveCfg = Release|Any CPU
		{8CB00478-7B31-4825-8737-357644DFECEA}.Release|x64.Build.0 = Release|Any CPU
		{8CB00478-7B31-4825-8737-357644DFECEA}.Release|x86.ActiveCfg = Release|Any CPU
		{8CB00478-7B31-4825-8737-357644DFECEA}.Release|x86.Build.0 = Release|Any CPU
	EndGlobalSection
	GlobalSection(NestedProjects) = preSolution
		{8CB00478-7B31-4825-8737-357644DFECEA} = {229F6E41-AE0A-46A1-9D81-99BD530D78C1}
	EndGlobalSection
EndGlobal
